
Microsoft Visual Studio Solution File, Format Version 12.00
# Visual Studio 14
VisualStudioVersion = 14.0.25420.1
MinimumVisualStudioVersion = 10.0.40219.1
Project("{FAE04EC0-301F-11D3-BF4B-00C04F79EFBC}") = "PeopleSearchApplication", "PeopleSearchApplication\PeopleSearchApplication.csproj", "{D24D6CC8-2A3C-4C2A-8813-C28E868A122A}"
	ProjectSection(ProjectDependencies) = postProject
		{A411ABDD-5B24-4B32-96D2-D923335E24C9} = {A411ABDD-5B24-4B32-96D2-D923335E24C9}
	EndProjectSection
EndProject
Project("{FAE04EC0-301F-11D3-BF4B-00C04F79EFBC}") = "websrc", "websrc\websrc.csproj", "{A411ABDD-5B24-4B32-96D2-D923335E24C9}"
EndProject
Project("{FAE04EC0-301F-11D3-BF4B-00C04F79EFBC}") = "PeopleSearchApplication.UnitTests", "PeopleSearchApplication.UnitTests\PeopleSearchApplication.UnitTests.csproj", "{820B8818-6DFB-44F2-9595-607B3C074129}"
EndProject
Project("{2150E333-8FDC-42A3-9474-1A3956D46DE8}") = "Tests", "Tests", "{9B37A64B-C730-4B90-AE81-0A4A9823C4BC}"
EndProject
Project("{FAE04EC0-301F-11D3-BF4B-00C04F79EFBC}") = "PeopleSearchApplication.IntegrationTests", "PeopleSearchApplication.IntegrationTests\PeopleSearchApplication.IntegrationTests.csproj", "{E1A7A26D-9CC1-4549-BAB6-FD4EFEA75505}"
EndProject
Project("{FAE04EC0-301F-11D3-BF4B-00C04F79EFBC}") = "DatabaseSeeder", "DatabaseSeeder\DatabaseSeeder.csproj", "{136068D4-97B6-4F94-9815-D7A881913131}"
EndProject
Project("{FAE04EC0-301F-11D3-BF4B-00C04F79EFBC}") = "PeopleSearchData", "PeopleSearchData\PeopleSearchData.csproj", "{AB12592F-0C1F-44D7-B397-754FBE54E45C}"
EndProject
Global
	GlobalSection(SolutionConfigurationPlatforms) = preSolution
		Debug|Any CPU = Debug|Any CPU
		Release|Any CPU = Release|Any CPU
	EndGlobalSection
	GlobalSection(ProjectConfigurationPlatforms) = postSolution
		{D24D6CC8-2A3C-4C2A-8813-C28E868A122A}.Debug|Any CPU.ActiveCfg = Debug|Any CPU
		{D24D6CC8-2A3C-4C2A-8813-C28E868A122A}.Debug|Any CPU.Build.0 = Debug|Any CPU
		{D24D6CC8-2A3C-4C2A-8813-C28E868A122A}.Release|Any CPU.ActiveCfg = Release|Any CPU
		{D24D6CC8-2A3C-4C2A-8813-C28E868A122A}.Release|Any CPU.Build.0 = Release|Any CPU
		{A411ABDD-5B24-4B32-96D2-D923335E24C9}.Debug|Any CPU.ActiveCfg = Debug|Any CPU
		{A411ABDD-5B24-4B32-96D2-D923335E24C9}.Debug|Any CPU.Build.0 = Debug|Any CPU
		{A411ABDD-5B24-4B32-96D2-D923335E24C9}.Release|Any CPU.ActiveCfg = Release|Any CPU
		{A411ABDD-5B24-4B32-96D2-D923335E24C9}.Release|Any CPU.Build.0 = Release|Any CPU
		{820B8818-6DFB-44F2-9595-607B3C074129}.Debug|Any CPU.ActiveCfg = Debug|Any CPU
		{820B8818-6DFB-44F2-9595-607B3C074129}.Debug|Any CPU.Build.0 = Debug|Any CPU
		{820B8818-6DFB-44F2-9595-607B3C074129}.Release|Any CPU.ActiveCfg = Release|Any CPU
		{820B8818-6DFB-44F2-9595-607B3C074129}.Release|Any CPU.Build.0 = Release|Any CPU
		{E1A7A26D-9CC1-4549-BAB6-FD4EFEA75505}.Debug|Any CPU.ActiveCfg = Debug|Any CPU
		{E1A7A26D-9CC1-4549-BAB6-FD4EFEA75505}.Debug|Any CPU.Build.0 = Debug|Any CPU
		{E1A7A26D-9CC1-4549-BAB6-FD4EFEA75505}.Release|Any CPU.ActiveCfg = Release|Any CPU
		{E1A7A26D-9CC1-4549-BAB6-FD4EFEA75505}.Release|Any CPU.Build.0 = Release|Any CPU
		{136068D4-97B6-4F94-9815-D7A881913131}.Debug|Any CPU.ActiveCfg = Debug|Any CPU
		{136068D4-97B6-4F94-9815-D7A881913131}.Debug|Any CPU.Build.0 = Debug|Any CPU
		{136068D4-97B6-4F94-9815-D7A881913131}.Release|Any CPU.ActiveCfg = Release|Any CPU
		{136068D4-97B6-4F94-9815-D7A881913131}.Release|Any CPU.Build.0 = Release|Any CPU
		{AB12592F-0C1F-44D7-B397-754FBE54E45C}.Debug|Any CPU.ActiveCfg = Debug|Any CPU
		{AB12592F-0C1F-44D7-B397-754FBE54E45C}.Debug|Any CPU.Build.0 = Debug|Any CPU
		{AB12592F-0C1F-44D7-B397-754FBE54E45C}.Release|Any CPU.ActiveCfg = Release|Any CPU
		{AB12592F-0C1F-44D7-B397-754FBE54E45C}.Release|Any CPU.Build.0 = Release|Any CPU
	EndGlobalSection
	GlobalSection(SolutionProperties) = preSolution
		HideSolutionNode = FALSE
	EndGlobalSection
	GlobalSection(NestedProjects) = preSolution
		{820B8818-6DFB-44F2-9595-607B3C074129} = {9B37A64B-C730-4B90-AE81-0A4A9823C4BC}
		{E1A7A26D-9CC1-4549-BAB6-FD4EFEA75505} = {9B37A64B-C730-4B90-AE81-0A4A9823C4BC}
	EndGlobalSection
EndGlobal
